
Microsoft Visual Studio Solution File, Format Version 12.00
# Visual Studio 15
VisualStudioVersion = 15.0.28010.2050
MinimumVisualStudioVersion = 10.0.40219.1
Project("{9A19103F-16F7-4668-BE54-9A1E7A4F7556}") = "DigitalForge.Apps.Meteo", "DigitalForge.Apps.Meteo\DigitalForge.Apps.Meteo.csproj", "{BF6BAA80-E8B2-4CEB-AC09-6DFDF815E13F}"
EndProject
Project("{9A19103F-16F7-4668-BE54-9A1E7A4F7556}") = "DigitalForge.ApplicationServer.Meteo", "DigitalForge.ApplicationServer.Meteo\DigitalForge.ApplicationServer.Meteo.csproj", "{717D4616-9420-4071-9BF7-2F1AA871BB67}"
EndProject
Global
	GlobalSection(SolutionConfigurationPlatforms) = preSolution
		Debug|Any CPU = Debug|Any CPU
		Release|Any CPU = Release|Any CPU
	EndGlobalSection
	GlobalSection(ProjectConfigurationPlatforms) = postSolution
		{BF6BAA80-E8B2-4CEB-AC09-6DFDF815E13F}.Debug|Any CPU.ActiveCfg = Debug|Any CPU
		{BF6BAA80-E8B2-4CEB-AC09-6DFDF815E13F}.Debug|Any CPU.Build.0 = Debug|Any CPU
		{BF6BAA80-E8B2-4CEB-AC09-6DFDF815E13F}.Release|Any CPU.ActiveCfg = Release|Any CPU
		{BF6BAA80-E8B2-4CEB-AC09-6DFDF815E13F}.Release|Any CPU.Build.0 = Release|Any CPU
		{717D4616-9420-4071-9BF7-2F1AA871BB67}.Debug|Any CPU.ActiveCfg = Debug|Any CPU
		{717D4616-9420-4071-9BF7-2F1AA871BB67}.Debug|Any CPU.Build.0 = Debug|Any CPU
		{717D4616-9420-4071-9BF7-2F1AA871BB67}.Release|Any CPU.ActiveCfg = Release|Any CPU
		{717D4616-9420-4071-9BF7-2F1AA871BB67}.Release|Any CPU.Build.0 = Release|Any CPU
	EndGlobalSection
	GlobalSection(SolutionProperties) = preSolution
		HideSolutionNode = FALSE
	EndGlobalSection
	GlobalSection(ExtensibilityGlobals) = postSolution
		SolutionGuid = {26F3079C-5BC6-4DC2-BA96-060884AEC9E5}
	EndGlobalSection
EndGlobal
